// !$*UTF8*$!
{
	archiveVersion = 1;
	classes = {
	};
	objectVersion = 50;
	objects = {

/* Begin PBXBuildFile section */
		A83D6F6F2139CD9900560ADF /* AppDelegate.swift in Sources */ = {isa = PBXBuildFile; fileRef = A83D6F6E2139CD9900560ADF /* AppDelegate.swift */; };
		A83D6F712139CD9900560ADF /* ViewController.swift in Sources */ = {isa = PBXBuildFile; fileRef = A83D6F702139CD9900560ADF /* ViewController.swift */; };
		A83D6F742139CD9900560ADF /* Main.storyboard in Resources */ = {isa = PBXBuildFile; fileRef = A83D6F722139CD9900560ADF /* Main.storyboard */; };
		A83D6F762139CD9C00560ADF /* Assets.xcassets in Resources */ = {isa = PBXBuildFile; fileRef = A83D6F752139CD9C00560ADF /* Assets.xcassets */; };
		A83D6F792139CD9C00560ADF /* LaunchScreen.storyboard in Resources */ = {isa = PBXBuildFile; fileRef = A83D6F772139CD9C00560ADF /* LaunchScreen.storyboard */; };
		A83D6F842139CD9C00560ADF /* DemoAppTests.swift in Sources */ = {isa = PBXBuildFile; fileRef = A83D6F832139CD9C00560ADF /* DemoAppTests.swift */; };
		A83D6F8F2139CD9C00560ADF /* DemoAppUITests.swift in Sources */ = {isa = PBXBuildFile; fileRef = A83D6F8E2139CD9C00560ADF /* DemoAppUITests.swift */; };
/* End PBXBuildFile section */

/* Begin PBXContainerItemProxy section */
		A83D6F802139CD9C00560ADF /* PBXContainerItemProxy */ = {
			isa = PBXContainerItemProxy;
			containerPortal = A83D6F632139CD9900560ADF /* Project object */;
			proxyType = 1;
			remoteGlobalIDString = A83D6F6A2139CD9900560ADF;
			remoteInfo = DemoApp;
		};
		A83D6F8B2139CD9C00560ADF /* PBXContainerItemProxy */ = {
			isa = PBXContainerItemProxy;
			containerPortal = A83D6F632139CD9900560ADF /* Project object */;
			proxyType = 1;
			remoteGlobalIDString = A83D6F6A2139CD9900560ADF;
			remoteInfo = DemoApp;
		};
/* End PBXContainerItemProxy section */

/* Begin PBXFileReference section */
		A83D6F6B2139CD9900560ADF /* DemoApp.app */ = {isa = PBXFileReference; explicitFileType = wrapper.application; includeInIndex = 0; path = DemoApp.app; sourceTree = BUILT_PRODUCTS_DIR; };
		A83D6F6E2139CD9900560ADF /* AppDelegate.swift */ = {isa = PBXFileReference; lastKnownFileType = sourcecode.swift; path = AppDelegate.swift; sourceTree = "<group>"; };
		A83D6F702139CD9900560ADF /* ViewController.swift */ = {isa = PBXFileReference; lastKnownFileType = sourcecode.swift; path = ViewController.swift; sourceTree = "<group>"; };
		A83D6F732139CD9900560ADF /* Base */ = {isa = PBXFileReference; lastKnownFileType = file.storyboard; name = Base; path = Base.lproj/Main.storyboard; sourceTree = "<group>"; };
		A83D6F752139CD9C00560ADF /* Assets.xcassets */ = {isa = PBXFileReference; lastKnownFileType = folder.assetcatalog; path = Assets.xcassets; sourceTree = "<group>"; };
		A83D6F782139CD9C00560ADF /* Base */ = {isa = PBXFileReference; lastKnownFileType = file.storyboard; name = Base; path = Base.lproj/LaunchScreen.storyboard; sourceTree = "<group>"; };
		A83D6F7A2139CD9C00560ADF /* Info.plist */ = {isa = PBXFileReference; lastKnownFileType = text.plist.xml; path = Info.plist; sourceTree = "<group>"; };
		A83D6F7F2139CD9C00560ADF /* DemoAppTests.xctest */ = {isa = PBXFileReference; explicitFileType = wrapper.cfbundle; includeInIndex = 0; path = DemoAppTests.xctest; sourceTree = BUILT_PRODUCTS_DIR; };
		A83D6F832139CD9C00560ADF /* DemoAppTests.swift */ = {isa = PBXFileReference; lastKnownFileType = sourcecode.swift; path = DemoAppTests.swift; sourceTree = "<group>"; };
		A83D6F852139CD9C00560ADF /* Info.plist */ = {isa = PBXFileReference; lastKnownFileType = text.plist.xml; path = Info.plist; sourceTree = "<group>"; };
		A83D6F8A2139CD9C00560ADF /* DemoAppUITests.xctest */ = {isa = PBXFileReference; explicitFileType = wrapper.cfbundle; includeInIndex = 0; path = DemoAppUITests.xctest; sourceTree = BUILT_PRODUCTS_DIR; };
		A83D6F8E2139CD9C00560ADF /* DemoAppUITests.swift */ = {isa = PBXFileReference; lastKnownFileType = sourcecode.swift; path = DemoAppUITests.swift; sourceTree = "<group>"; };
		A83D6F902139CD9C00560ADF /* Info.plist */ = {isa = PBXFileReference; lastKnownFileType = text.plist.xml; path = Info.plist; sourceTree = "<group>"; };
/* End PBXFileReference section */

/* Begin PBXFrameworksBuildPhase section */
		A83D6F682139CD9900560ADF /* Frameworks */ = {
			isa = PBXFrameworksBuildPhase;
			buildActionMask = 2147483647;
			files = (
			);
			runOnlyForDeploymentPostprocessing = 0;
		};
		A83D6F7C2139CD9C00560ADF /* Frameworks */ = {
			isa = PBXFrameworksBuildPhase;
			buildActionMask = 2147483647;
			files = (
			);
			runOnlyForDeploymentPostprocessing = 0;
		};
		A83D6F872139CD9C00560ADF /* Frameworks */ = {
			isa = PBXFrameworksBuildPhase;
			buildActionMask = 2147483647;
			files = (
			);
			runOnlyForDeploymentPostprocessing = 0;
		};
/* End PBXFrameworksBuildPhase section */

/* Begin PBXGroup section */
		A83D6F622139CD9900560ADF = {
			isa = PBXGroup;
			children = (
				A83D6F6D2139CD9900560ADF /* DemoApp */,
				A83D6F822139CD9C00560ADF /* DemoAppTests */,
				A83D6F8D2139CD9C00560ADF /* DemoAppUITests */,
				A83D6F6C2139CD9900560ADF /* Products */,
			);
			sourceTree = "<group>";
		};
		A83D6F6C2139CD9900560ADF /* Products */ = {
			isa = PBXGroup;
			children = (
				A83D6F6B2139CD9900560ADF /* DemoApp.app */,
				A83D6F7F2139CD9C00560ADF /* DemoAppTests.xctest */,
				A83D6F8A2139CD9C00560ADF /* DemoAppUITests.xctest */,
			);
			name = Products;
			sourceTree = "<group>";
		};
		A83D6F6D2139CD9900560ADF /* DemoApp */ = {
			isa = PBXGroup;
			children = (
				A83D6F6E2139CD9900560ADF /* AppDelegate.swift */,
				A83D6F702139CD9900560ADF /* ViewController.swift */,
				A83D6F722139CD9900560ADF /* Main.storyboard */,
				A83D6F752139CD9C00560ADF /* Assets.xcassets */,
				A83D6F772139CD9C00560ADF /* LaunchScreen.storyboard */,
				A83D6F7A2139CD9C00560ADF /* Info.plist */,
			);
			path = DemoApp;
			sourceTree = "<group>";
		};
		A83D6F822139CD9C00560ADF /* DemoAppTests */ = {
			isa = PBXGroup;
			children = (
				A83D6F832139CD9C00560ADF /* DemoAppTests.swift */,
				A83D6F852139CD9C00560ADF /* Info.plist */,
			);
			path = DemoAppTests;
			sourceTree = "<group>";
		};
		A83D6F8D2139CD9C00560ADF /* DemoAppUITests */ = {
			isa = PBXGroup;
			children = (
				A83D6F8E2139CD9C00560ADF /* DemoAppUITests.swift */,
				A83D6F902139CD9C00560ADF /* Info.plist */,
			);
			path = DemoAppUITests;
			sourceTree = "<group>";
		};
/* End PBXGroup section */

/* Begin PBXNativeTarget section */
		A83D6F6A2139CD9900560ADF /* DemoApp */ = {
			isa = PBXNativeTarget;
			buildConfigurationList = A83D6F932139CD9C00560ADF /* Build configuration list for PBXNativeTarget "DemoApp" */;
			buildPhases = (
				A83D6F672139CD9900560ADF /* Sources */,
				A83D6F682139CD9900560ADF /* Frameworks */,
				A83D6F692139CD9900560ADF /* Resources */,
			);
			buildRules = (
			);
			dependencies = (
			);
			name = DemoApp;
			productName = DemoApp;
			productReference = A83D6F6B2139CD9900560ADF /* DemoApp.app */;
			productType = "com.apple.product-type.application";
		};
		A83D6F7E2139CD9C00560ADF /* DemoAppTests */ = {
			isa = PBXNativeTarget;
			buildConfigurationList = A83D6F962139CD9C00560ADF /* Build configuration list for PBXNativeTarget "DemoAppTests" */;
			buildPhases = (
				A83D6F7B2139CD9C00560ADF /* Sources */,
				A83D6F7C2139CD9C00560ADF /* Frameworks */,
				A83D6F7D2139CD9C00560ADF /* Resources */,
			);
			buildRules = (
			);
			dependencies = (
				A83D6F812139CD9C00560ADF /* PBXTargetDependency */,
			);
			name = DemoAppTests;
			productName = DemoAppTests;
			productReference = A83D6F7F2139CD9C00560ADF /* DemoAppTests.xctest */;
			productType = "com.apple.product-type.bundle.unit-test";
		};
		A83D6F892139CD9C00560ADF /* DemoAppUITests */ = {
			isa = PBXNativeTarget;
			buildConfigurationList = A83D6F992139CD9C00560ADF /* Build configuration list for PBXNativeTarget "DemoAppUITests" */;
			buildPhases = (
				A83D6F862139CD9C00560ADF /* Sources */,
				A83D6F872139CD9C00560ADF /* Frameworks */,
				A83D6F882139CD9C00560ADF /* Resources */,
			);
			buildRules = (
			);
			dependencies = (
				A83D6F8C2139CD9C00560ADF /* PBXTargetDependency */,
			);
			name = DemoAppUITests;
			productName = DemoAppUITests;
			productReference = A83D6F8A2139CD9C00560ADF /* DemoAppUITests.xctest */;
			productType = "com.apple.product-type.bundle.ui-testing";
		};
/* End PBXNativeTarget section */

/* Begin PBXProject section */
		A83D6F632139CD9900560ADF /* Project object */ = {
			isa = PBXProject;
			attributes = {
				LastSwiftUpdateCheck = 0940;
				LastUpgradeCheck = 0940;
				ORGANIZATIONNAME = "Ethan Evans";
				TargetAttributes = {
					A83D6F6A2139CD9900560ADF = {
						CreatedOnToolsVersion = 9.4.1;
					};
					A83D6F7E2139CD9C00560ADF = {
						CreatedOnToolsVersion = 9.4.1;
						TestTargetID = A83D6F6A2139CD9900560ADF;
					};
					A83D6F892139CD9C00560ADF = {
						CreatedOnToolsVersion = 9.4.1;
						TestTargetID = A83D6F6A2139CD9900560ADF;
					};
				};
			};
			buildConfigurationList = A83D6F662139CD9900560ADF /* Build configuration list for PBXProject "DemoApp" */;
			compatibilityVersion = "Xcode 9.3";
			developmentRegion = en;
			hasScannedForEncodings = 0;
			knownRegions = (
				en,
				Base,
			);
			mainGroup = A83D6F622139CD9900560ADF;
			productRefGroup = A83D6F6C2139CD9900560ADF /* Products */;
			projectDirPath = "";
			projectRoot = "";
			targets = (
				A83D6F6A2139CD9900560ADF /* DemoApp */,
				A83D6F7E2139CD9C00560ADF /* DemoAppTests */,
				A83D6F892139CD9C00560ADF /* DemoAppUITests */,
			);
		};
/* End PBXProject section */

/* Begin PBXResourcesBuildPhase section */
		A83D6F692139CD9900560ADF /* Resources */ = {
			isa = PBXResourcesBuildPhase;
			buildActionMask = 2147483647;
			files = (
				A83D6F792139CD9C00560ADF /* LaunchScreen.storyboard in Resources */,
				A83D6F762139CD9C00560ADF /* Assets.xcassets in Resources */,
				A83D6F742139CD9900560ADF /* Main.storyboard in Resources */,
			);
			runOnlyForDeploymentPostprocessing = 0;
		};
		A83D6F7D2139CD9C00560ADF /* Resources */ = {
			isa = PBXResourcesBuildPhase;
			buildActionMask = 2147483647;
			files = (
			);
			runOnlyForDeploymentPostprocessing = 0;
		};
		A83D6F882139CD9C00560ADF /* Resources */ = {
			isa = PBXResourcesBuildPhase;
			buildActionMask = 2147483647;
			files = (
			);
			runOnlyForDeploymentPostprocessing = 0;
		};
/* End PBXResourcesBuildPhase section */

/* Begin PBXSourcesBuildPhase section */
		A83D6F672139CD9900560ADF /* Sources */ = {
			isa = PBXSourcesBuildPhase;
			buildActionMask = 2147483647;
			files = (
				A83D6F712139CD9900560ADF /* ViewController.swift in Sources */,
				A83D6F6F2139CD9900560ADF /* AppDelegate.swift in Sources */,
			);
			runOnlyForDeploymentPostprocessing = 0;
		};
		A83D6F7B2139CD9C00560ADF /* Sources */ = {
			isa = PBXSourcesBuildPhase;
			buildActionMask = 2147483647;
			files = (
				A83D6F842139CD9C00560ADF /* DemoAppTests.swift in Sources */,
			);
			runOnlyForDeploymentPostprocessing = 0;
		};
		A83D6F862139CD9C00560ADF /* Sources */ = {
			isa = PBXSourcesBuildPhase;
			buildActionMask = 2147483647;
			files = (
				A83D6F8F2139CD9C00560ADF /* DemoAppUITests.swift in Sources */,
			);
			runOnlyForDeploymentPostprocessing = 0;
		};
/* End PBXSourcesBuildPhase section */

/* Begin PBXTargetDependency section */
		A83D6F812139CD9C00560ADF /* PBXTargetDependency */ = {
			isa = PBXTargetDependency;
			target = A83D6F6A2139CD9900560ADF /* DemoApp */;
			targetProxy = A83D6F802139CD9C00560ADF /* PBXContainerItemProxy */;
		};
		A83D6F8C2139CD9C00560ADF /* PBXTargetDependency */ = {
			isa = PBXTargetDependency;
			target = A83D6F6A2139CD9900560ADF /* DemoApp */;
			targetProxy = A83D6F8B2139CD9C00560ADF /* PBXContainerItemProxy */;
		};
/* End PBXTargetDependency section */

/* Begin PBXVariantGroup section */
		A83D6F722139CD9900560ADF /* Main.storyboard */ = {
			isa = PBXVariantGroup;
			children = (
				A83D6F732139CD9900560ADF /* Base */,
			);
			name = Main.storyboard;
			sourceTree = "<group>";
		};
		A83D6F772139CD9C00560ADF /* LaunchScreen.storyboard */ = {
			isa = PBXVariantGroup;
			children = (
				A83D6F782139CD9C00560ADF /* Base */,
			);
			name = LaunchScreen.storyboard;
			sourceTree = "<group>";
		};
/* End PBXVariantGroup section */

/* Begin XCBuildConfiguration section */
		A83D6F912139CD9C00560ADF /* Debug */ = {
			isa = XCBuildConfiguration;
			buildSettings = {
				ALWAYS_SEARCH_USER_PATHS = NO;
				CLANG_ANALYZER_NONNULL = YES;
				CLANG_ANALYZER_NUMBER_OBJECT_CONVERSION = YES_AGGRESSIVE;
				CLANG_CXX_LANGUAGE_STANDARD = "gnu++14";
				CLANG_CXX_LIBRARY = "libc++";
				CLANG_ENABLE_MODULES = YES;
				CLANG_ENABLE_OBJC_ARC = YES;
				CLANG_ENABLE_OBJC_WEAK = YES;
				CLANG_WARN_BLOCK_CAPTURE_AUTORELEASING = YES;
				CLANG_WARN_BOOL_CONVERSION = YES;
				CLANG_WARN_COMMA = YES;
				CLANG_WARN_CONSTANT_CONVERSION = YES;
				CLANG_WARN_DEPRECATED_OBJC_IMPLEMENTATIONS = YES;
				CLANG_WARN_DIRECT_OBJC_ISA_USAGE = YES_ERROR;
				CLANG_WARN_DOCUMENTATION_COMMENTS = YES;
				CLANG_WARN_EMPTY_BODY = YES;
				CLANG_WARN_ENUM_CONVERSION = YES;
				CLANG_WARN_INFINITE_RECURSION = YES;
				CLANG_WARN_INT_CONVERSION = YES;
				CLANG_WARN_NON_LITERAL_NULL_CONVERSION = YES;
				CLANG_WARN_OBJC_IMPLICIT_RETAIN_SELF = YES;
				CLANG_WARN_OBJC_LITERAL_CONVERSION = YES;
				CLANG_WARN_OBJC_ROOT_CLASS = YES_ERROR;
				CLANG_WARN_RANGE_LOOP_ANALYSIS = YES;
				CLANG_WARN_STRICT_PROTOTYPES = YES;
				CLANG_WARN_SUSPICIOUS_MOVE = YES;
				CLANG_WARN_UNGUARDED_AVAILABILITY = YES_AGGRESSIVE;
				CLANG_WARN_UNREACHABLE_CODE = YES;
				CLANG_WARN__DUPLICATE_METHOD_MATCH = YES;
				CODE_SIGN_IDENTITY = "iPhone Developer";
				COPY_PHASE_STRIP = NO;
				DEBUG_INFORMATION_FORMAT = dwarf;
				ENABLE_STRICT_OBJC_MSGSEND = YES;
				ENABLE_TESTABILITY = YES;
				GCC_C_LANGUAGE_STANDARD = gnu11;
				GCC_DYNAMIC_NO_PIC = NO;
				GCC_NO_COMMON_BLOCKS = YES;
				GCC_OPTIMIZATION_LEVEL = 0;
				GCC_PREPROCESSOR_DEFINITIONS = (
					"DEBUG=1",
					"$(inherited)",
				);
				GCC_WARN_64_TO_32_BIT_CONVERSION = YES;
				GCC_WARN_ABOUT_RETURN_TYPE = YES_ERROR;
				GCC_WARN_UNDECLARED_SELECTOR = YES;
				GCC_WARN_UNINITIALIZED_AUTOS = YES_AGGRESSIVE;
				GCC_WARN_UNUSED_FUNCTION = YES;
				GCC_WARN_UNUSED_VARIABLE = YES;
				IPHONEOS_DEPLOYMENT_TARGET = 11.4;
				MTL_ENABLE_DEBUG_INFO = YES;
				ONLY_ACTIVE_ARCH = YES;
				SDKROOT = iphoneos;
				SWIFT_ACTIVE_COMPILATION_CONDITIONS = DEBUG;
				SWIFT_OPTIMIZATION_LEVEL = "-Onone";
			};
			name = Debug;
		};
		A83D6F922139CD9C00560ADF /* Release */ = {
			isa = XCBuildConfiguration;
			buildSettings = {
				ALWAYS_SEARCH_USER_PATHS = NO;
				CLANG_ANALYZER_NONNULL = YES;
				CLANG_ANALYZER_NUMBER_OBJECT_CONVERSION = YES_AGGRESSIVE;
				CLANG_CXX_LANGUAGE_STANDARD = "gnu++14";
				CLANG_CXX_LIBRARY = "libc++";
				CLANG_ENABLE_MODULES = YES;
				CLANG_ENABLE_OBJC_ARC = YES;
				CLANG_ENABLE_OBJC_WEAK = YES;
				CLANG_WARN_BLOCK_CAPTURE_AUTORELEASING = YES;
				CLANG_WARN_BOOL_CONVERSION = YES;
				CLANG_WARN_COMMA = YES;
				CLANG_WARN_CONSTANT_CONVERSION = YES;
				CLANG_WARN_DEPRECATED_OBJC_IMPLEMENTATIONS = YES;
				CLANG_WARN_DIRECT_OBJC_ISA_USAGE = YES_ERROR;
				CLANG_WARN_DOCUMENTATION_COMMENTS = YES;
				CLANG_WARN_EMPTY_BODY = YES;
				CLANG_WARN_ENUM_CONVERSION = YES;
				CLANG_WARN_INFINITE_RECURSION = YES;
				CLANG_WARN_INT_CONVERSION = YES;
				CLANG_WARN_NON_LITERAL_NULL_CONVERSION = YES;
				CLANG_WARN_OBJC_IMPLICIT_RETAIN_SELF = YES;
				CLANG_WARN_OBJC_LITERAL_CONVERSION = YES;
				CLANG_WARN_OBJC_ROOT_CLASS = YES_ERROR;
				CLANG_WARN_RANGE_LOOP_ANALYSIS = YES;
				CLANG_WARN_STRICT_PROTOTYPES = YES;
				CLANG_WARN_SUSPICIOUS_MOVE = YES;
				CLANG_WARN_UNGUARDED_AVAILABILITY = YES_AGGRESSIVE;
				CLANG_WARN_UNREACHABLE_CODE = YES;
				CLANG_WARN__DUPLICATE_METHOD_MATCH = YES;
				CODE_SIGN_IDENTITY = "iPhone Developer";
				COPY_PHASE_STRIP = NO;
				DEBUG_INFORMATION_FORMAT = "dwarf-with-dsym";
				ENABLE_NS_ASSERTIONS = NO;
				ENABLE_STRICT_OBJC_MSGSEND = YES;
				GCC_C_LANGUAGE_STANDARD = gnu11;
				GCC_NO_COMMON_BLOCKS = YES;
				GCC_WARN_64_TO_32_BIT_CONVERSION = YES;
				GCC_WARN_ABOUT_RETURN_TYPE = YES_ERROR;
				GCC_WARN_UNDECLARED_SELECTOR = YES;
				GCC_WARN_UNINITIALIZED_AUTOS = YES_AGGRESSIVE;
				GCC_WARN_UNUSED_FUNCTION = YES;
				GCC_WARN_UNUSED_VARIABLE = YES;
				IPHONEOS_DEPLOYMENT_TARGET = 11.4;
				MTL_ENABLE_DEBUG_INFO = NO;
				SDKROOT = iphoneos;
				SWIFT_COMPILATION_MODE = wholemodule;
				SWIFT_OPTIMIZATION_LEVEL = "-O";
				VALIDATE_PRODUCT = YES;
			};
			name = Release;
		};
		A83D6F942139CD9C00560ADF /* Debug */ = {
			isa = XCBuildConfiguration;
			buildSettings = {
				ASSETCATALOG_COMPILER_APPICON_NAME = AppIcon;
				CODE_SIGN_STYLE = Automatic;
				INFOPLIST_FILE = DemoApp/Info.plist;
				LD_RUNPATH_SEARCH_PATHS = (
					"$(inherited)",
					"@executable_path/Frameworks",
				);
				PRODUCT_BUNDLE_IDENTIFIER = com.Ethan.DemoApp;
				PRODUCT_NAME = "$(TARGET_NAME)";
				SWIFT_VERSION = 4.0;
				TARGETED_DEVICE_FAMILY = "1,2";
			};
			name = Debug;
		};
		A83D6F952139CD9C00560ADF /* Release */ = {
			isa = XCBuildConfiguration;
			buildSettings = {
				ASSETCATALOG_COMPILER_APPICON_NAME = AppIcon;
				CODE_SIGN_STYLE = Automatic;
				INFOPLIST_FILE = DemoApp/Info.plist;
				LD_RUNPATH_SEARCH_PATHS = (
					"$(inherited)",
					"@executable_path/Frameworks",
				);
				PRODUCT_BUNDLE_IDENTIFIER = com.Ethan.DemoApp;
				PRODUCT_NAME = "$(TARGET_NAME)";
				SWIFT_VERSION = 4.0;
				TARGETED_DEVICE_FAMILY = "1,2";
			};
			name = Release;
		};
		A83D6F972139CD9C00560ADF /* Debug */ = {
			isa = XCBuildConfiguration;
			buildSettings = {
				ALWAYS_EMBED_SWIFT_STANDARD_LIBRARIES = YES;
				BUNDLE_LOADER = "$(TEST_HOST)";
				CODE_SIGN_STYLE = Automatic;
				INFOPLIST_FILE = DemoAppTests/Info.plist;
				LD_RUNPATH_SEARCH_PATHS = (
					"$(inherited)",
					"@executable_path/Frameworks",
					"@loader_path/Frameworks",
				);
				PRODUCT_BUNDLE_IDENTIFIER = com.Ethan.DemoAppTests;
				PRODUCT_NAME = "$(TARGET_NAME)";
				SWIFT_VERSION = 4.0;
				TARGETED_DEVICE_FAMILY = "1,2";
				TEST_HOST = "$(BUILT_PRODUCTS_DIR)/DemoApp.app/DemoApp";
			};
			name = Debug;
		};
		A83D6F982139CD9C00560ADF /* Release */ = {
			isa = XCBuildConfiguration;
			buildSettings = {
				ALWAYS_EMBED_SWIFT_STANDARD_LIBRARIES = YES;
				BUNDLE_LOADER = "$(TEST_HOST)";
				CODE_SIGN_STYLE = Automatic;
				INFOPLIST_FILE = DemoAppTests/Info.plist;
				LD_RUNPATH_SEARCH_PATHS = (
					"$(inherited)",
					"@executable_path/Frameworks",
					"@loader_path/Frameworks",
				);
				PRODUCT_BUNDLE_IDENTIFIER = com.Ethan.DemoAppTests;
				PRODUCT_NAME = "$(TARGET_NAME)";
				SWIFT_VERSION = 4.0;
				TARGETED_DEVICE_FAMILY = "1,2";
				TEST_HOST = "$(BUILT_PRODUCTS_DIR)/DemoApp.app/DemoApp";
			};
			name = Release;
		};
		A83D6F9A2139CD9C00560ADF /* Debug */ = {
			isa = XCBuildConfiguration;
			buildSettings = {
				ALWAYS_EMBED_SWIFT_STANDARD_LIBRARIES = YES;
				CODE_SIGN_STYLE = Automatic;
				INFOPLIST_FILE = DemoAppUITests/Info.plist;
				LD_RUNPATH_SEARCH_PATHS = (
					"$(inherited)",
					"@executable_path/Frameworks",
					"@loader_path/Frameworks",
				);
				PRODUCT_BUNDLE_IDENTIFIER = com.Ethan.DemoAppUITests;
				PRODUCT_NAME = "$(TARGET_NAME)";
				SWIFT_VERSION = 4.0;
				TARGETED_DEVICE_FAMILY = "1,2";
				TEST_TARGET_NAME = DemoApp;
			};
			name = Debug;
		};
		A83D6F9B2139CD9C00560ADF /* Release */ = {
			isa = XCBuildConfiguration;
			buildSettings = {
				ALWAYS_EMBED_SWIFT_STANDARD_LIBRARIES = YES;
				CODE_SIGN_STYLE = Automatic;
				INFOPLIST_FILE = DemoAppUITests/Info.plist;
				LD_RUNPATH_SEARCH_PATHS = (
					"$(inherited)",
					"@executable_path/Frameworks",
					"@loader_path/Frameworks",
				);
				PRODUCT_BUNDLE_IDENTIFIER = com.Ethan.DemoAppUITests;
				PRODUCT_NAME = "$(TARGET_NAME)";
				SWIFT_VERSION = 4.0;
				TARGETED_DEVICE_FAMILY = "1,2";
				TEST_TARGET_NAME = DemoApp;
			};
			name = Release;
		};
/* End XCBuildConfiguration section */

/* Begin XCConfigurationList section */
		A83D6F662139CD9900560ADF /* Build configuration list for PBXProject "DemoApp" */ = {
			isa = XCConfigurationList;
			buildConfigurations = (
				A83D6F912139CD9C00560ADF /* Debug */,
				A83D6F922139CD9C00560ADF /* Release */,
			);
			defaultConfigurationIsVisible = 0;
			defaultConfigurationName = Release;
		};
		A83D6F932139CD9C00560ADF /* Build configuration list for PBXNativeTarget "DemoApp" */ = {
			isa = XCConfigurationList;
			buildConfigurations = (
				A83D6F942139CD9C00560ADF /* Debug */,
				A83D6F952139CD9C00560ADF /* Release */,
			);
			defaultConfigurationIsVisible = 0;
			defaultConfigurationName = Release;
		};
		A83D6F962139CD9C00560ADF /* Build configuration list for PBXNativeTarget "DemoAppTests" */ = {
			isa = XCConfigurationList;
			buildConfigurations = (
				A83D6F972139CD9C00560ADF /* Debug */,
				A83D6F982139CD9C00560ADF /* Release */,
			);
			defaultConfigurationIsVisible = 0;
			defaultConfigurationName = Release;
		};
		A83D6F992139CD9C00560ADF /* Build configuration list for PBXNativeTarget "DemoAppUITests" */ = {
			isa = XCConfigurationList;
			buildConfigurations = (
				A83D6F9A2139CD9C00560ADF /* Debug */,
				A83D6F9B2139CD9C00560ADF /* Release */,
			);
			defaultConfigurationIsVisible = 0;
			defaultConfigurationName = Release;
		};
/* End XCConfigurationList section */
	};
	rootObject = A83D6F632139CD9900560ADF /* Project object */;
}
